{
  "name": "koa2-easy-ts",
  "version": "1.0.0",
  "lockfileVersion": 1,
  "requires": true,
  "dependencies": {
    "@koa/cors": {
      "version": "2.2.1",
      "resolved": "http://registry.npm.taobao.org/@koa/cors/download/@koa/cors-2.2.1.tgz",
      "integrity": "sha1-wGocNNeH487nnA1MIOiVLRttdcU="
    },
    "@types/accepts": {
      "version": "1.3.5",
      "resolved": "http://registry.npm.taobao.org/@types/accepts/download/@types/accepts-1.3.5.tgz",
      "integrity": "sha1-w0vsEVz8dG4E/loFnfTOfns5FXU=",
      "requires": {
        "@types/node": "9.6.0"
      }
    },
    "@types/body-parser": {
      "version": "1.16.8",
      "resolved": "http://registry.npm.taobao.org/@types/body-parser/download/@types/body-parser-1.16.8.tgz",
      "integrity": "sha1-aH7DQUBiSjvsKxqOqSaEeK6PO+M=",
      "requires": {
        "@types/express": "4.11.1",
        "@types/node": "9.6.0"
      }
    },
    "@types/connect": {
      "version": "3.4.31",
      "resolved": "http://registry.npm.taobao.org/@types/connect/download/@types/connect-3.4.31.tgz",
      "integrity": "sha1-H5LWsRfswFB2xJ7NAk95duUoutk=",
      "requires": {
        "@types/node": "9.6.0"
      }
    },
    "@types/cookies": {
      "version": "0.7.1",
      "resolved": "http://registry.npm.taobao.org/@types/cookies/download/@types/cookies-0.7.1.tgz",
      "integrity": "sha1-+fIEvWdn04nuo7h2CeMMCQx3pUA=",
      "requires": {
        "@types/connect": "3.4.31",
        "@types/express": "4.11.1",
        "@types/keygrip": "1.0.1",
        "@types/node": "9.6.0"
      }
    },
    "@types/events": {
      "version": "1.2.0",
      "resolved": "http://registry.npm.taobao.org/@types/events/download/@types/events-1.2.0.tgz",
      "integrity": "sha1-gaZzHOTfQ2GeXIyUU4Oz5iqJ6oY="
    },
    "@types/express": {
      "version": "4.11.1",
      "resolved": "http://registry.npm.taobao.org/@types/express/download/@types/express-4.11.1.tgz",
      "integrity": "sha1-+ZZjs6sy0EyxHbYS713Xkz91Rls=",
      "requires": {
        "@types/body-parser": "1.16.8",
        "@types/express-serve-static-core": "4.11.1",
        "@types/serve-static": "1.13.1"
      }
    },
    "@types/express-serve-static-core": {
      "version": "4.11.1",
      "resolved": "http://registry.npm.taobao.org/@types/express-serve-static-core/download/@types/express-serve-static-core-4.11.1.tgz",
      "integrity": "sha1-9vchI4LVmxnWlmd7yqSKNygPXUU=",
      "requires": {
        "@types/events": "1.2.0",
        "@types/node": "9.6.0"
      }
    },
    "@types/http-assert": {
      "version": "1.2.2",
      "resolved": "http://registry.npm.taobao.org/@types/http-assert/download/@types/http-assert-1.2.2.tgz",
      "integrity": "sha1-F9/lqCGEqImJNdlv4urt030i2aQ="
    },
    "@types/keygrip": {
      "version": "1.0.1",
      "resolved": "http://registry.npm.taobao.org/@types/keygrip/download/@types/keygrip-1.0.1.tgz",
      "integrity": "sha1-/1QEYtL7TQqIRBzq8n0oewHD2Hg="
    },
    "@types/koa": {
      "version": "2.0.44",
      "resolved": "http://registry.npm.taobao.org/@types/koa/download/@types/koa-2.0.44.tgz",
      "integrity": "sha1-TZcqPexNbrib08Fndd4mMF0cUaY=",
      "requires": {
        "@types/accepts": "1.3.5",
        "@types/cookies": "0.7.1",
        "@types/events": "1.2.0",
        "@types/http-assert": "1.2.2",
        "@types/keygrip": "1.0.1",
        "@types/koa-compose": "3.2.2",
        "@types/node": "9.6.0"
      }
    },
    "@types/koa-bodyparser": {
      "version": "4.2.0",
      "resolved": "http://registry.npm.taobao.org/@types/koa-bodyparser/download/@types/koa-bodyparser-4.2.0.tgz",
      "integrity": "sha1-BP68Vn89PdQOPRoOCVzfewfE184=",
      "requires": {
        "@types/koa": "2.0.44"
      }
    },
    "@types/koa-compose": {
      "version": "3.2.2",
      "resolved": "http://registry.npm.taobao.org/@types/koa-compose/download/@types/koa-compose-3.2.2.tgz",
      "integrity": "sha1-3BBuAAu/kqOskA91bfRzRIh+6Ec="
    },
    "@types/koa-compress": {
      "version": "2.0.8",
      "resolved": "http://registry.npm.taobao.org/@types/koa-compress/download/@types/koa-compress-2.0.8.tgz",
      "integrity": "sha1-QmovrEGa/30afYf9eCA78NJqlPs=",
      "requires": {
        "@types/koa": "2.0.44",
        "@types/node": "9.6.0"
      }
    },
    "@types/koa-logger": {
      "version": "3.1.0",
      "resolved": "http://registry.npm.taobao.org/@types/koa-logger/download/@types/koa-logger-3.1.0.tgz",
      "integrity": "sha1-EzrNvFbYe1pVnKslUosIc4Go/A0=",
      "requires": {
        "@types/koa": "2.0.44"
      }
    },
    "@types/koa-router": {
      "version": "7.0.27",
      "resolved": "http://registry.npm.taobao.org/@types/koa-router/download/@types/koa-router-7.0.27.tgz",
      "integrity": "sha1-SZPVDLnv38+xHxbHJqSzT4+z4NQ=",
      "requires": {
        "@types/koa": "2.0.44"
      }
    },
    "@types/mime": {
      "version": "2.0.0",
      "resolved": "http://registry.npm.taobao.org/@types/mime/download/@types/mime-2.0.0.tgz",
      "integrity": "sha1-WnMG42fFObn2VDSZ3o3VGfrDeos="
    },
    "@types/node": {
      "version": "9.6.0",
      "resolved": "http://registry.npm.taobao.org/@types/node/download/@types/node-9.6.0.tgz",
      "integrity": "sha1-00gO5mbfl4SxABoYcqL2zO+2wtc="
    },
    "@types/serve-static": {
      "version": "1.13.1",
      "resolved": "http://registry.npm.taobao.org/@types/serve-static/download/@types/serve-static-1.13.1.tgz",
      "integrity": "sha1-HSgB+mNdJ0zZfU7AfiayG0QSdJI=",
      "requires": {
        "@types/express-serve-static-core": "4.11.1",
        "@types/mime": "2.0.0"
      }
    },
    "accepts": {
      "version": "1.3.5",
      "resolved": "http://registry.npm.taobao.org/accepts/download/accepts-1.3.5.tgz",
      "integrity": "sha1-63d99gEXI6OxTopywIBcjoZ0a9I=",
      "requires": {
        "mime-types": "2.1.18",
        "negotiator": "0.6.1"
      },
      "dependencies": {
        "mime-db": {
          "version": "1.33.0",
          "resolved": "http://registry.npm.taobao.org/mime-db/download/mime-db-1.33.0.tgz",
          "integrity": "sha1-o0kgUKXLm2NFBUHjnZeI0icng9s="
        },
        "mime-types": {
          "version": "2.1.18",
          "resolved": "http://registry.npm.taobao.org/mime-types/download/mime-types-2.1.18.tgz",
          "integrity": "sha1-bzI/YKg9ERRvgx/xH9ZuL+VQO7g=",
          "requires": {
            "mime-db": "1.33.0"
          }
        }
      }
    },
    "ansi-256-colors": {
      "version": "1.1.0",
      "resolved": "http://registry.npm.taobao.org/ansi-256-colors/download/ansi-256-colors-1.1.0.tgz",
      "integrity": "sha1-kQ3lDvzHwJ49gvL4er1rcAwYgYo="
    },
    "any-promise": {
      "version": "1.3.0",
      "resolved": "http://registry.npm.taobao.org/any-promise/download/any-promise-1.3.0.tgz",
      "integrity": "sha1-q8av7tzqUugJzcA3au0845Y10X8="
    },
    "arrify": {
      "version": "1.0.1",
      "resolved": "http://registry.npm.taobao.org/arrify/download/arrify-1.0.1.tgz",
      "integrity": "sha1-iYUI2iIm84DfkEcoRWhJwVAaSw0="
    },
    "balanced-match": {
      "version": "1.0.0",
      "resolved": "http://registry.npm.taobao.org/balanced-match/download/balanced-match-1.0.0.tgz",
      "integrity": "sha1-ibTRmasr7kneFk6gK4nORi1xt2c="
    },
    "brace-expansion": {
      "version": "1.1.11",
      "resolved": "http://registry.npm.taobao.org/brace-expansion/download/brace-expansion-1.1.11.tgz",
      "integrity": "sha1-PH/L9SnYcibz0vUrlm/1Jx60Qd0=",
      "requires": {
        "balanced-match": "1.0.0",
        "concat-map": "0.0.1"
      }
    },
    "bytes": {
      "version": "2.4.0",
      "resolved": "http://registry.npm.taobao.org/bytes/download/bytes-2.4.0.tgz",
      "integrity": "sha1-fZcZb51br39pNeJZhVSe3SpsIzk="
    },
    "class-transformer": {
      "version": "0.1.9",
      "resolved": "http://registry.npm.taobao.org/class-transformer/download/class-transformer-0.1.9.tgz",
      "integrity": "sha1-KZd8UoIzygFOb9lSMyfr0x0RylQ="
    },
    "class-validator": {
      "version": "0.8.5",
      "resolved": "http://registry.npm.taobao.org/class-validator/download/class-validator-0.8.5.tgz",
      "integrity": "sha1-SEeFrNqY9oVJw6hNwbsvd7c23Fg=",
      "requires": {
        "validator": "9.2.0"
      }
    },
    "co": {
      "version": "4.6.0",
      "resolved": "http://registry.npm.taobao.org/co/download/co-4.6.0.tgz",
      "integrity": "sha1-bqa989hTrlTMuOR7+gvz+QMfsYQ="
    },
    "co-body": {
      "version": "4.2.0",
      "resolved": "http://registry.npm.taobao.org/co-body/download/co-body-4.2.0.tgz",
      "integrity": "sha1-dN8g+nMmISXcRUgq8E40LqjbNRU=",
      "requires": {
        "inflation": "2.0.0",
        "qs": "4.0.0",
        "raw-body": "2.1.7",
        "type-is": "1.6.15"
      }
    },
    "color-convert": {
      "version": "1.9.1",
      "resolved": "http://registry.npm.taobao.org/color-convert/download/color-convert-1.9.1.tgz",
      "integrity": "sha1-wSYRB66y8pTr/+ye2eytUppgl+0=",
      "requires": {
        "color-name": "1.1.3"
      }
    },
    "color-name": {
      "version": "1.1.3",
      "resolved": "http://registry.npm.taobao.org/color-name/download/color-name-1.1.3.tgz",
      "integrity": "sha1-p9BVi9icQveV3UIyj3QIMcpTvCU="
    },
    "compressible": {
      "version": "2.0.11",
      "resolved": "http://registry.npm.taobao.org/compressible/download/compressible-2.0.11.tgz",
      "integrity": "sha1-FnGKdd4oPtjmBAQWJaIGRYZ5fYo=",
      "requires": {
        "mime-db": "1.30.0"
      }
    },
    "concat-map": {
      "version": "0.0.1",
      "resolved": "http://registry.npm.taobao.org/concat-map/download/concat-map-0.0.1.tgz",
      "integrity": "sha1-2Klr13/Wjfd5OnMDajug1UBdR3s="
    },
    "concurrency-logger": {
      "version": "2.1.0",
      "resolved": "http://registry.npm.taobao.org/concurrency-logger/download/concurrency-logger-2.1.0.tgz",
      "integrity": "sha1-XqRzMqsRgHcZDOyWp3iCRU8f3ng=",
      "requires": {
        "ansi-256-colors": "1.1.0"
      }
    },
    "content-disposition": {
      "version": "0.5.2",
      "resolved": "http://registry.npm.taobao.org/content-disposition/download/content-disposition-0.5.2.tgz",
      "integrity": "sha1-DPaLud318r55YcOoUXjLhdunjLQ="
    },
    "content-type": {
      "version": "1.0.4",
      "resolved": "http://registry.npm.taobao.org/content-type/download/content-type-1.0.4.tgz",
      "integrity": "sha1-4TjMdeBAxyexlm/l5fjJruJW/js="
    },
    "cookie": {
      "version": "0.3.1",
      "resolved": "http://registry.npm.taobao.org/cookie/download/cookie-0.3.1.tgz",
      "integrity": "sha1-5+Ch+e9DtMi6klxcWpboBtFoc7s="
    },
    "cookies": {
      "version": "0.7.1",
      "resolved": "http://registry.npm.taobao.org/cookies/download/cookies-0.7.1.tgz",
      "integrity": "sha1-fIphX1SBxhq58WyDNzG8uPZjuZs=",
      "requires": {
        "depd": "1.1.1",
        "keygrip": "1.0.2"
      }
    },
    "debug": {
      "version": "3.1.0",
      "resolved": "http://registry.npm.taobao.org/debug/download/debug-3.1.0.tgz",
      "integrity": "sha1-W7WgZyYotkFJVmuhaBnmFRjGcmE=",
      "requires": {
        "ms": "2.0.0"
      }
    },
    "deep-equal": {
      "version": "1.0.1",
      "resolved": "http://registry.npm.taobao.org/deep-equal/download/deep-equal-1.0.1.tgz",
      "integrity": "sha1-9dJgKStmDghO/0zbyfCK0yR0SLU="
    },
    "delegates": {
      "version": "1.0.0",
      "resolved": "http://registry.npm.taobao.org/delegates/download/delegates-1.0.0.tgz",
      "integrity": "sha1-hMbhWbgZBP3KWaDvRM2HDTElD5o="
    },
    "depd": {
      "version": "1.1.1",
      "resolved": "http://registry.npm.taobao.org/depd/download/depd-1.1.1.tgz",
      "integrity": "sha1-V4O04cRZ8G+lyif5kfPQbnoxA1k="
    },
    "destroy": {
      "version": "1.0.4",
      "resolved": "http://registry.npm.taobao.org/destroy/download/destroy-1.0.4.tgz",
      "integrity": "sha1-l4hXRCxEdJ5CBmE+N5RiBYJqvYA="
    },
    "diff": {
      "version": "3.5.0",
      "resolved": "http://registry.npm.taobao.org/diff/download/diff-3.5.0.tgz",
      "integrity": "sha1-gAwN0eCov7yVg1wgKtIg/jF+WhI="
    },
    "ee-first": {
      "version": "1.1.1",
      "resolved": "http://registry.npm.taobao.org/ee-first/download/ee-first-1.1.1.tgz",
      "integrity": "sha1-WQxhFWsK4vTwJVcyoViyZrxWsh0="
    },
    "error-inject": {
      "version": "1.0.0",
      "resolved": "http://registry.npm.taobao.org/error-inject/download/error-inject-1.0.0.tgz",
      "integrity": "sha1-4rPZG1Su1nLzCdlQ0VSFD6EdTzc="
    },
    "escape-html": {
      "version": "1.0.3",
      "resolved": "http://registry.npm.taobao.org/escape-html/download/escape-html-1.0.3.tgz",
      "integrity": "sha1-Aljq5NPQwJdN4cFpGI7wBR0dGYg="
    },
    "escape-string-regexp": {
      "version": "1.0.5",
      "resolved": "http://registry.npm.taobao.org/escape-string-regexp/download/escape-string-regexp-1.0.5.tgz",
      "integrity": "sha1-G2HAViGQqN/2rjuyzwIAyhMLhtQ="
    },
    "fresh": {
      "version": "0.5.2",
      "resolved": "http://registry.npm.taobao.org/fresh/download/fresh-0.5.2.tgz",
      "integrity": "sha1-PYyt2Q2XZWn6g1qx+OSyOhBWBac="
    },
    "fs.realpath": {
      "version": "1.0.0",
      "resolved": "http://registry.npm.taobao.org/fs.realpath/download/fs.realpath-1.0.0.tgz",
      "integrity": "sha1-FQStJSMVjKpA20onh8sBQRmU6k8="
    },
    "glob": {
      "version": "7.1.2",
      "resolved": "http://registry.npm.taobao.org/glob/download/glob-7.1.2.tgz",
      "integrity": "sha1-wZyd+aAocC1nhhI4SmVSQExjbRU=",
      "requires": {
        "fs.realpath": "1.0.0",
        "inflight": "1.0.6",
        "inherits": "2.0.3",
        "minimatch": "3.0.4",
        "once": "1.4.0",
        "path-is-absolute": "1.0.1"
      }
    },
    "has-flag": {
      "version": "3.0.0",
      "resolved": "http://registry.npm.taobao.org/has-flag/download/has-flag-3.0.0.tgz",
      "integrity": "sha1-tdRU3CGZriJWmfNGfloH87lVuv0="
    },
    "http-assert": {
      "version": "1.3.0",
      "resolved": "http://registry.npm.taobao.org/http-assert/download/http-assert-1.3.0.tgz",
      "integrity": "sha1-oxpc+IyHPsu1eWkH1NbxMujAHko=",
      "requires": {
        "deep-equal": "1.0.1",
        "http-errors": "1.6.2"
      }
    },
    "http-errors": {
      "version": "1.6.2",
      "resolved": "http://registry.npm.taobao.org/http-errors/download/http-errors-1.6.2.tgz",
      "integrity": "sha1-CgAsyFcHGSp+eUbO7cERVfYOxzY=",
      "requires": {
        "depd": "1.1.1",
        "inherits": "2.0.3",
        "setprototypeof": "1.0.3",
        "statuses": "1.3.1"
      }
    },
    "iconv-lite": {
      "version": "0.4.13",
      "resolved": "http://registry.npm.taobao.org/iconv-lite/download/iconv-lite-0.4.13.tgz",
      "integrity": "sha1-H4irpKsLFQjoMSrMOTRfNumS4vI="
    },
    "inflation": {
      "version": "2.0.0",
      "resolved": "http://registry.npm.taobao.org/inflation/download/inflation-2.0.0.tgz",
      "integrity": "sha1-i0F+R8KPklpFEz2RTKH9OJEH8w8="
    },
    "inflight": {
      "version": "1.0.6",
      "resolved": "http://registry.npm.taobao.org/inflight/download/inflight-1.0.6.tgz",
      "integrity": "sha1-Sb1jMdfQLQwJvJEKEHW6gWW1bfk=",
      "requires": {
        "once": "1.4.0",
        "wrappy": "1.0.2"
      }
    },
    "inherits": {
      "version": "2.0.3",
      "resolved": "http://registry.npm.taobao.org/inherits/download/inherits-2.0.3.tgz",
      "integrity": "sha1-Yzwsg+PaQqUC9SRmAiSA9CCCYd4="
    },
    "is-generator-function": {
      "version": "1.0.7",
      "resolved": "http://registry.npm.taobao.org/is-generator-function/download/is-generator-function-1.0.7.tgz",
      "integrity": "sha1-0hMuUpuwAAp/gHlNS99c1eWBNSI="
    },
    "isarray": {
      "version": "0.0.1",
      "resolved": "http://registry.npm.taobao.org/isarray/download/isarray-0.0.1.tgz",
      "integrity": "sha1-ihis/Kmo9Bd+Cav8YDiTmwXR7t8="
    },
    "keygrip": {
      "version": "1.0.2",
      "resolved": "http://registry.npm.taobao.org/keygrip/download/keygrip-1.0.2.tgz",
      "integrity": "sha1-rTKXxVcGneqLz+ek+kkbdcXd65E="
    },
    "koa": {
      "version": "2.5.0",
      "resolved": "http://registry.npm.taobao.org/koa/download/koa-2.5.0.tgz",
      "integrity": "sha1-sPvh4ZXkOydYigT9C+DdrsosFUw=",
      "requires": {
        "accepts": "1.3.5",
        "content-disposition": "0.5.2",
        "content-type": "1.0.4",
        "cookies": "0.7.1",
        "debug": "3.1.0",
        "delegates": "1.0.0",
        "depd": "1.1.1",
        "destroy": "1.0.4",
        "error-inject": "1.0.0",
        "escape-html": "1.0.3",
        "fresh": "0.5.2",
        "http-assert": "1.3.0",
        "http-errors": "1.6.2",
        "is-generator-function": "1.0.7",
        "koa-compose": "4.0.0",
        "koa-convert": "1.2.0",
        "koa-is-json": "1.0.0",
        "mime-types": "2.1.17",
        "on-finished": "2.3.0",
        "only": "0.0.2",
        "parseurl": "1.3.2",
        "statuses": "1.3.1",
        "type-is": "1.6.15",
        "vary": "1.1.2"
      }
    },
    "koa-bodyparser": {
      "version": "3.2.0",
      "resolved": "http://registry.npm.taobao.org/koa-bodyparser/download/koa-bodyparser-3.2.0.tgz",
      "integrity": "sha1-uRbeF+IDn+gmUEgZc9fClPELVxk=",
      "requires": {
        "co-body": "4.2.0"
      }
    },
    "koa-compose": {
      "version": "4.0.0",
      "resolved": "http://registry.npm.taobao.org/koa-compose/download/koa-compose-4.0.0.tgz",
      "integrity": "sha1-KAClE9nDYe8NY4UrA45Pby1adzw="
    },
    "koa-compress": {
      "version": "2.0.0",
      "resolved": "http://registry.npm.taobao.org/koa-compress/download/koa-compress-2.0.0.tgz",
      "integrity": "sha1-e36ykhuEd0a14SK6n1zYpnHo6jo=",
      "requires": {
        "bytes": "2.4.0",
        "compressible": "2.0.11",
        "koa-is-json": "1.0.0",
        "statuses": "1.3.1"
      }
    },
    "koa-convert": {
      "version": "1.2.0",
      "resolved": "http://registry.npm.taobao.org/koa-convert/download/koa-convert-1.2.0.tgz",
      "integrity": "sha1-2kCHXfSd4FOQmNFwC1CCDOvNIdA=",
      "requires": {
        "co": "4.6.0",
        "koa-compose": "3.2.1"
      },
      "dependencies": {
        "koa-compose": {
          "version": "3.2.1",
          "resolved": "http://registry.npm.taobao.org/koa-compose/download/koa-compose-3.2.1.tgz",
          "integrity": "sha1-qFzLQLfZhtjlo0Wzoazo6rz1Tec=",
          "requires": {
            "any-promise": "1.3.0"
          }
        }
      }
    },
    "koa-cors": {
      "version": "0.0.16",
      "resolved": "http://registry.npm.taobao.org/koa-cors/download/koa-cors-0.0.16.tgz",
      "integrity": "sha1-mBB5k6eQnjTAQphsXsYVbXfzQy4="
    },
    "koa-is-json": {
      "version": "1.0.0",
      "resolved": "http://registry.npm.taobao.org/koa-is-json/download/koa-is-json-1.0.0.tgz",
      "integrity": "sha1-JzwH7c3Ljfaiwat9We52SRRR7BQ="
    },
    "koa-router": {
      "version": "7.2.1",
      "resolved": "http://registry.npm.taobao.org/koa-router/download/koa-router-7.2.1.tgz",
      "integrity": "sha1-tApKs8attLQIld69AKnGQDBOMDk=",
      "requires": {
        "debug": "2.6.8",
        "http-errors": "1.6.2",
        "koa-compose": "3.2.1",
        "methods": "1.1.2",
        "path-to-regexp": "1.7.0"
      },
      "dependencies": {
        "debug": {
          "version": "2.6.8",
          "resolved": "http://registry.npm.taobao.org/debug/download/debug-2.6.8.tgz",
          "integrity": "sha1-5zFTHKLt4n0YgiJCfaF4IdaP9Pw=",
          "requires": {
            "ms": "2.0.0"
          }
        },
        "koa-compose": {
          "version": "3.2.1",
          "resolved": "http://registry.npm.taobao.org/koa-compose/download/koa-compose-3.2.1.tgz",
          "integrity": "sha1-qFzLQLfZhtjlo0Wzoazo6rz1Tec=",
          "requires": {
            "any-promise": "1.3.0"
          }
        }
      }
    },
    "make-error": {
      "version": "1.3.4",
      "resolved": "http://registry.npm.taobao.org/make-error/download/make-error-1.3.4.tgz",
      "integrity": "sha1-GZeO1XX56VRdL/jBPjO10Ypn1TU="
    },
    "media-typer": {
      "version": "0.3.0",
      "resolved": "http://registry.npm.taobao.org/media-typer/download/media-typer-0.3.0.tgz",
      "integrity": "sha1-hxDXrwqmJvj/+hzgAWhUUmMlV0g="
    },
    "methods": {
      "version": "1.1.2",
      "resolved": "http://registry.npm.taobao.org/methods/download/methods-1.1.2.tgz",
      "integrity": "sha1-VSmk1nZUE07cxSZmVoNbD4Ua/O4="
    },
    "mime-db": {
      "version": "1.30.0",
      "resolved": "http://registry.npm.taobao.org/mime-db/download/mime-db-1.30.0.tgz",
      "integrity": "sha1-dMZD2i3Z1qRTmZY0ZbJtXKfXHwE="
    },
    "mime-types": {
      "version": "2.1.17",
      "resolved": "http://registry.npm.taobao.org/mime-types/download/mime-types-2.1.17.tgz",
      "integrity": "sha1-Cdejk/A+mVp5+K+Fe3Cp4KsWVXo=",
      "requires": {
        "mime-db": "1.30.0"
      }
    },
    "minimatch": {
      "version": "3.0.4",
      "resolved": "http://registry.npm.taobao.org/minimatch/download/minimatch-3.0.4.tgz",
      "integrity": "sha1-UWbihkV/AzBgZL5Ul+jbsMPTIIM=",
      "requires": {
        "brace-expansion": "1.1.11"
      }
    },
    "minimist": {
      "version": "1.2.0",
      "resolved": "http://registry.npm.taobao.org/minimist/download/minimist-1.2.0.tgz",
      "integrity": "sha1-o1AIsg9BOD7sH7kU9M1d95omQoQ="
    },
    "mkdirp": {
      "version": "0.5.1",
      "resolved": "http://registry.npm.taobao.org/mkdirp/download/mkdirp-0.5.1.tgz",
      "integrity": "sha1-MAV0OOrGz3+MR2fzhkjWaX11yQM=",
      "requires": {
        "minimist": "0.0.8"
      },
      "dependencies": {
        "minimist": {
          "version": "0.0.8",
          "resolved": "http://registry.npm.taobao.org/minimist/download/minimist-0.0.8.tgz",
          "integrity": "sha1-hX/Kv8M5fSYluCKCYuhqp6ARsF0="
        }
      }
    },
    "ms": {
      "version": "2.0.0",
      "resolved": "http://registry.npm.taobao.org/ms/download/ms-2.0.0.tgz",
      "integrity": "sha1-VgiurfwAvmwpAd9fmGF4jeDVl8g="
    },
    "negotiator": {
      "version": "0.6.1",
      "resolved": "http://registry.npm.taobao.org/negotiator/download/negotiator-0.6.1.tgz",
      "integrity": "sha1-KzJxhOiZIQEXeyhWP7XnECrNDKk="
    },
    "on-finished": {
      "version": "2.3.0",
      "resolved": "http://registry.npm.taobao.org/on-finished/download/on-finished-2.3.0.tgz",
      "integrity": "sha1-IPEzZIGwg811M3mSoWlxqi2QaUc=",
      "requires": {
        "ee-first": "1.1.1"
      }
    },
    "once": {
      "version": "1.4.0",
      "resolved": "http://registry.npm.taobao.org/once/download/once-1.4.0.tgz",
      "integrity": "sha1-WDsap3WWHUsROsF9nFC6753Xa9E=",
      "requires": {
        "wrappy": "1.0.2"
      }
    },
    "only": {
      "version": "0.0.2",
      "resolved": "http://registry.npm.taobao.org/only/download/only-0.0.2.tgz",
      "integrity": "sha1-Kv3oTQPlC5qO3EROMGEKcCle37Q="
    },
    "parseurl": {
      "version": "1.3.2",
      "resolved": "http://registry.npm.taobao.org/parseurl/download/parseurl-1.3.2.tgz",
      "integrity": "sha1-/CidTtiZMRlGDBViUyYs3I3mW/M="
    },
    "path-is-absolute": {
      "version": "1.0.1",
      "resolved": "http://registry.npm.taobao.org/path-is-absolute/download/path-is-absolute-1.0.1.tgz",
      "integrity": "sha1-F0uSaHNVNP+8es5r9TpanhtcX18="
    },
    "path-to-regexp": {
      "version": "1.7.0",
      "resolved": "http://registry.npm.taobao.org/path-to-regexp/download/path-to-regexp-1.7.0.tgz",
      "integrity": "sha1-Wf3g9DW62suhA6hOnTvGTpa5k30=",
      "requires": {
        "isarray": "0.0.1"
      }
    },
    "qs": {
      "version": "4.0.0",
      "resolved": "http://registry.npm.taobao.org/qs/download/qs-4.0.0.tgz",
      "integrity": "sha1-wx2bdOwn33XlQ6hseHKO2NRiNgc="
    },
    "raw-body": {
      "version": "2.1.7",
      "resolved": "http://registry.npm.taobao.org/raw-body/download/raw-body-2.1.7.tgz",
      "integrity": "sha1-rf6s4uT7MJgFgBTQjActzFl1h3Q=",
      "requires": {
        "bytes": "2.4.0",
        "iconv-lite": "0.4.13",
        "unpipe": "1.0.0"
      }
    },
    "reflect-metadata": {
      "version": "0.1.12",
      "resolved": "http://registry.npm.taobao.org/reflect-metadata/download/reflect-metadata-0.1.12.tgz",
      "integrity": "sha1-MRvwxrY814LyKKgavhRqK/qcVvI="
    },
    "routing-controllers": {
      "version": "0.7.7",
      "resolved": "http://registry.npm.taobao.org/routing-controllers/download/routing-controllers-0.7.7.tgz",
      "integrity": "sha1-VbPdPmdq3iUn5SKq0oNKyJHM4O4=",
      "requires": {
        "class-transformer": "0.1.9",
        "class-validator": "0.8.5",
        "cookie": "0.3.1",
        "glob": "7.1.2",
        "reflect-metadata": "0.1.12",
        "template-url": "1.0.0"
      }
    },
    "setprototypeof": {
      "version": "1.0.3",
      "resolved": "http://registry.npm.taobao.org/setprototypeof/download/setprototypeof-1.0.3.tgz",
      "integrity": "sha1-ZlZ+NwQ+608E2RvWWMDL77VbjgQ="
    },
    "source-map-support": {
      "version": "0.5.4",
      "resolved": "http://registry.npm.taobao.org/source-map-support/download/source-map-support-0.5.4.tgz",
      "integrity": "sha1-VEVu+onKqScK981iTMLxI+Ufuug=",
      "requires": {
        "source-map": "0.6.1"
      },
      "dependencies": {
        "source-map": {
          "version": "0.6.1",
          "resolved": "http://registry.npm.taobao.org/source-map/download/source-map-0.6.1.tgz",
          "integrity": "sha1-dHIq8y6WFOnCh6jQu95IteLxomM="
        }
      }
    },
    "statuses": {
      "version": "1.3.1",
      "resolved": "http://registry.npm.taobao.org/statuses/download/statuses-1.3.1.tgz",
      "integrity": "sha1-+vUbnrdKrvOzrPStX2Gr8ky3uT4="
    },
    "template-url": {
      "version": "1.0.0",
      "resolved": "http://registry.npm.taobao.org/template-url/download/template-url-1.0.0.tgz",
      "integrity": "sha1-2UVr7nDKxmF7Rip7CNsp+4E6Cwk="
    },
    "ts-node": {
      "version": "6.0.0",
      "resolved": "http://registry.npm.taobao.org/ts-node/download/ts-node-6.0.0.tgz",
      "integrity": "sha1-RsJfhJhZOpJI7uoWkG8VmPoJgUA=",
      "requires": {
        "arrify": "1.0.1",
        "chalk": "2.4.0",
        "diff": "3.5.0",
        "make-error": "1.3.4",
        "minimist": "1.2.0",
        "mkdirp": "0.5.1",
        "source-map-support": "0.5.4",
        "yn": "2.0.0"
      },
      "dependencies": {
        "ansi-styles": {
          "version": "3.2.1",
          "resolved": "http://registry.npm.taobao.org/ansi-styles/download/ansi-styles-3.2.1.tgz",
          "integrity": "sha1-QfuyAkPlCxK+DwS43tvwdSDOhB0=",
          "requires": {
            "color-convert": "1.9.1"
          }
        },
        "chalk": {
          "version": "2.4.0",
          "resolved": "http://registry.npm.taobao.org/chalk/download/chalk-2.4.0.tgz",
          "integrity": "sha1-oGCil6a1fhW2HKY86EmV2qD+blI=",
          "requires": {
            "ansi-styles": "3.2.1",
            "escape-string-regexp": "1.0.5",
            "supports-color": "5.4.0"
          }
        },
        "supports-color": {
          "version": "5.4.0",
          "resolved": "http://registry.npm.taobao.org/supports-color/download/supports-color-5.4.0.tgz",
          "integrity": "sha1-HGszdALCE3YF7+GfEP7DkPb6q1Q=",
          "requires": {
            "has-flag": "3.0.0"
          }
        }
      }
    },
    "type-is": {
      "version": "1.6.15",
      "resolved": "http://registry.npm.taobao.org/type-is/download/type-is-1.6.15.tgz",
      "integrity": "sha1-yrEPtJCeRByChC6v4a1kbIGARBA=",
      "requires": {
        "media-typer": "0.3.0",
        "mime-types": "2.1.17"
      }
    },
    "typedi": {
      "version": "0.7.2",
      "resolved": "http://registry.npm.taobao.org/typedi/download/typedi-0.7.2.tgz",
      "integrity": "sha1-/NZiCfxX6PYjc6f6Cj80sk6bA+0="
    },
    "typescript": {
      "version": "2.8.3",
      "resolved": "http://registry.npm.taobao.org/typescript/download/typescript-2.8.3.tgz",
      "integrity": "sha1-XYF/m28xu4cYNfTt8AifIavmwXA="
    },
    "unpipe": {
      "version": "1.0.0",
      "resolved": "http://registry.npm.taobao.org/unpipe/download/unpipe-1.0.0.tgz",
      "integrity": "sha1-sr9O6FFKrmFltIF4KdIbLvSZBOw="
    },
    "validator": {
      "version": "9.2.0",
      "resolved": "http://registry.npm.taobao.org/validator/download/validator-9.2.0.tgz",
      "integrity": "sha1-rSFu7V83ysMab+AM6rH2uIve0D4="
    },
    "vary": {
      "version": "1.1.2",
      "resolved": "http://registry.npm.taobao.org/vary/download/vary-1.1.2.tgz",
      "integrity": "sha1-IpnwLG3tMNSllhsLn3RSShj2NPw="
    },
    "wrappy": {
      "version": "1.0.2",
      "resolved": "http://registry.npm.taobao.org/wrappy/download/wrappy-1.0.2.tgz",
      "integrity": "sha1-tSQ9jz7BqjXxNkYFvA0QNuMKtp8="
    },
    "yn": {
      "version": "2.0.0",
      "resolved": "http://registry.npm.taobao.org/yn/download/yn-2.0.0.tgz",
      "integrity": "sha1-5a2ryKz0CPY4X8dklWhMiOavaJo="
    }
  }
}
